github.com/demula/mono-example/api v0.1.0-alpha.2 h1:DmFUhwzq4loJyq5UPKESKNmfp1bHB5eqBhbJE9Hv2sA=
github.com/demula/mono-example/api v0.1.0-alpha.2/go.mod h1:D5a3K3mt3F4Pl63UfTUNn+mGZzzT4OpD0xi2bhJCeqU=
github.com/demula/mono-example/core v0.1.0-alpha.2 h1:vsv0YuJWUKdJcxHS+vmXL4BmWya/cN2a07/hyTOsfHo=
github.com/demula/mono-example/core v0.1.0-alpha.2/go.mod h1:lZrdnVgpjPbpcU/6/9Paq5qhw0EiesthAPj7rzPEp+8=
