github.com/demula/mono-example/api v0.0.0-20250814130321-da97decc1706 h1:/mDzVXLkMqMl9j4kCn631h3R1UBUQT7cVcmcmwZdeSY=
github.com/demula/mono-example/api v0.0.0-20250814130321-da97decc1706/go.mod h1:5C0CSM9j/kIk3HluDX++UH+NYIKj8o6fe4bcQhGbyrs=
github.com/demula/mono-example/core v0.0.0-20250814131413-24e51f0ac647 h1:AgTJir5IK82mnuQsRRjUDiWfCWYerPsMD54RgPZZ06Q=
github.com/demula/mono-example/core v0.0.0-20250814131413-24e51f0ac647/go.mod h1:0NiNDBujGQHM8w60vtW0cGB7X//YYQtVo0I0vlU7qjw=
