github.com/demula/mono-example/api v1.0.0-rc.1 h1:sjRTlvgW2Y1jFzOQRR87ho1O2eM6KGuysl5IbeqRwaE=
github.com/demula/mono-example/api v1.0.0-rc.1/go.mod h1:D5a3K3mt3F4Pl63UfTUNn+mGZzzT4OpD0xi2bhJCeqU=
github.com/demula/mono-example/core v1.0.0-rc.1 h1:97pxVpO2/aBHJLvCAFUvxMJ6yGfGeSX9xg2LQb2xyyg=
github.com/demula/mono-example/core v1.0.0-rc.1/go.mod h1:a/1SiYz981L7jQic+SCFW9o58abvzIngKbfTbkpkfxc=
